
Microsoft Visual Studio Solution File, Format Version 12.00
# Visual Studio 16
Project("{FAE04EC0-301F-11D3-BF4B-00C04F79EFBC}") = "Assembly-CSharp", "Assembly-CSharp.csproj", "{48217447-1D2D-B95D-D995-9F91A5F85C58}"
EndProject
Project("{FAE04EC0-301F-11D3-BF4B-00C04F79EFBC}") = "Assembly-CSharp-Editor", "Assembly-CSharp-Editor.csproj", "{E765F68C-39C5-4030-CDCB-114618D40347}"
EndProject
Global
	GlobalSection(SolutionConfigurationPlatforms) = preSolution
		Debug|Any CPU = Debug|Any CPU
		Release|Any CPU = Release|Any CPU
	EndGlobalSection
	GlobalSection(ProjectConfigurationPlatforms) = postSolution
		{48217447-1D2D-B95D-D995-9F91A5F85C58}.Debug|Any CPU.ActiveCfg = Debug|Any CPU
		{48217447-1D2D-B95D-D995-9F91A5F85C58}.Debug|Any CPU.Build.0 = Debug|Any CPU
		{48217447-1D2D-B95D-D995-9F91A5F85C58}.Release|Any CPU.ActiveCfg = Release|Any CPU
		{48217447-1D2D-B95D-D995-9F91A5F85C58}.Release|Any CPU.Build.0 = Release|Any CPU
		{E765F68C-39C5-4030-CDCB-114618D40347}.Debug|Any CPU.ActiveCfg = Debug|Any CPU
		{E765F68C-39C5-4030-CDCB-114618D40347}.Debug|Any CPU.Build.0 = Debug|Any CPU
		{E765F68C-39C5-4030-CDCB-114618D40347}.Release|Any CPU.ActiveCfg = Release|Any CPU
		{E765F68C-39C5-4030-CDCB-114618D40347}.Release|Any CPU.Build.0 = Release|Any CPU
	EndGlobalSection
	GlobalSection(SolutionProperties) = preSolution
		HideSolutionNode = FALSE
	EndGlobalSection
EndGlobal
